
Microsoft Visual Studio Solution File, Format Version 12.00
# Visual Studio Version 16
VisualStudioVersion = 16.0.28729.10
MinimumVisualStudioVersion = 10.0.40219.1
Project("{9A19103F-16F7-4668-BE54-9A1E7A4F7556}") = "Nzen", "Nzen\Nzen.csproj", "{836679DC-A3B1-41F5-A0DD-4ED0A16EB01B}"
EndProject
Project("{2150E333-8FDC-42A3-9474-1A3956D46DE8}") = "SolutionItems", "SolutionItems", "{CFDBC2CA-74BB-4718-8676-F43884241AB6}"
	ProjectSection(SolutionItems) = preProject
		ddl.sql = ddl.sql
		SolutionItems\E-R.a5er = SolutionItems\E-R.a5er
	EndProjectSection
EndProject
Global
	GlobalSection(SolutionConfigurationPlatforms) = preSolution
		Debug|Any CPU = Debug|Any CPU
		Release|Any CPU = Release|Any CPU
	EndGlobalSection
	GlobalSection(ProjectConfigurationPlatforms) = postSolution
		{836679DC-A3B1-41F5-A0DD-4ED0A16EB01B}.Debug|Any CPU.ActiveCfg = Debug|Any CPU
		{836679DC-A3B1-41F5-A0DD-4ED0A16EB01B}.Debug|Any CPU.Build.0 = Debug|Any CPU
		{836679DC-A3B1-41F5-A0DD-4ED0A16EB01B}.Release|Any CPU.ActiveCfg = Release|Any CPU
		{836679DC-A3B1-41F5-A0DD-4ED0A16EB01B}.Release|Any CPU.Build.0 = Release|Any CPU
	EndGlobalSection
	GlobalSection(SolutionProperties) = preSolution
		HideSolutionNode = FALSE
	EndGlobalSection
	GlobalSection(ExtensibilityGlobals) = postSolution
		SolutionGuid = {71884BF5-CF5F-4F98-830B-FFD54D7EAACC}
	EndGlobalSection
EndGlobal
