
Microsoft Visual Studio Solution File, Format Version 12.00
# Visual Studio Version 16
VisualStudioVersion = 16.0.28729.10
MinimumVisualStudioVersion = 10.0.40219.1
Project("{9A19103F-16F7-4668-BE54-9A1E7A4F7556}") = "Nzen", "Nzen\Nzen.csproj", "{836679DC-A3B1-41F5-A0DD-4ED0A16EB01B}"
EndProject
Project("{2150E333-8FDC-42A3-9474-1A3956D46DE8}") = "SolutionItems", "SolutionItems", "{CFDBC2CA-74BB-4718-8676-F43884241AB6}"
	ProjectSection(SolutionItems) = preProject
		SolutionItems\DockerRun.bat = SolutionItems\DockerRun.bat
		SolutionItems\E-R.a5er = SolutionItems\E-R.a5er
	EndProjectSection
EndProject
Project("{9A19103F-16F7-4668-BE54-9A1E7A4F7556}") = "NzenUnitTest", "NzenUnitTest\NzenUnitTest.csproj", "{F53F3233-C286-4EAC-9903-FC557540C332}"
EndProject
Project("{2150E333-8FDC-42A3-9474-1A3956D46DE8}") = "nzen-db", "nzen-db", "{58DE0058-9D43-49D0-B80B-05A6D46CC2F8}"
	ProjectSection(SolutionItems) = preProject
		SolutionItems\docker-compose\nzen-db\ddl.sql = SolutionItems\docker-compose\nzen-db\ddl.sql
	EndProjectSection
EndProject
Project("{2150E333-8FDC-42A3-9474-1A3956D46DE8}") = "docker-compose", "docker-compose", "{855FB7A2-0B47-4E4D-BFBF-B016574E4510}"
	ProjectSection(SolutionItems) = preProject
		SolutionItems\docker-compose\docker-compose.yml = SolutionItems\docker-compose\docker-compose.yml
		SolutionItems\docker-compose\environment.env = SolutionItems\docker-compose\environment.env
	EndProjectSection
EndProject
Project("{2150E333-8FDC-42A3-9474-1A3956D46DE8}") = "doc", "doc", "{F2C9C070-293E-4419-8D31-505DA156C1E0}"
	ProjectSection(SolutionItems) = preProject
		SolutionItems\doc\audience01.png = SolutionItems\doc\audience01.png
		SolutionItems\doc\audience02.png = SolutionItems\doc\audience02.png
		SolutionItems\doc\presenter01.png = SolutionItems\doc\presenter01.png
		SolutionItems\doc\presenter02.png = SolutionItems\doc\presenter02.png
		SolutionItems\doc\presenter03.png = SolutionItems\doc\presenter03.png
	EndProjectSection
EndProject
Project("{9A19103F-16F7-4668-BE54-9A1E7A4F7556}") = "CotohaAPI", "CotohaAPI\CotohaAPI.csproj", "{50C95DE0-605D-473A-AD38-D3193E625E46}"
EndProject
Project("{9A19103F-16F7-4668-BE54-9A1E7A4F7556}") = "CotohaAPIUnitTest", "CotohaAPIUnitTest\CotohaAPIUnitTest.csproj", "{01164784-19AE-4405-A800-6BEBC59DC932}"
EndProject
Project("{FAE04EC0-301F-11D3-BF4B-00C04F79EFBC}") = "UnitTestProject1", "UnitTestProject1\UnitTestProject1.csproj", "{91441072-12E8-4D24-B1EE-00C2B2EB157E}"
EndProject
Global
	GlobalSection(SolutionConfigurationPlatforms) = preSolution
		Debug|Any CPU = Debug|Any CPU
		Release|Any CPU = Release|Any CPU
	EndGlobalSection
	GlobalSection(ProjectConfigurationPlatforms) = postSolution
		{836679DC-A3B1-41F5-A0DD-4ED0A16EB01B}.Debug|Any CPU.ActiveCfg = Debug|Any CPU
		{836679DC-A3B1-41F5-A0DD-4ED0A16EB01B}.Debug|Any CPU.Build.0 = Debug|Any CPU
		{836679DC-A3B1-41F5-A0DD-4ED0A16EB01B}.Release|Any CPU.ActiveCfg = Release|Any CPU
		{836679DC-A3B1-41F5-A0DD-4ED0A16EB01B}.Release|Any CPU.Build.0 = Release|Any CPU
		{F53F3233-C286-4EAC-9903-FC557540C332}.Debug|Any CPU.ActiveCfg = Debug|Any CPU
		{F53F3233-C286-4EAC-9903-FC557540C332}.Debug|Any CPU.Build.0 = Debug|Any CPU
		{F53F3233-C286-4EAC-9903-FC557540C332}.Release|Any CPU.ActiveCfg = Release|Any CPU
		{F53F3233-C286-4EAC-9903-FC557540C332}.Release|Any CPU.Build.0 = Release|Any CPU
		{50C95DE0-605D-473A-AD38-D3193E625E46}.Debug|Any CPU.ActiveCfg = Debug|Any CPU
		{50C95DE0-605D-473A-AD38-D3193E625E46}.Debug|Any CPU.Build.0 = Debug|Any CPU
		{50C95DE0-605D-473A-AD38-D3193E625E46}.Release|Any CPU.ActiveCfg = Release|Any CPU
		{50C95DE0-605D-473A-AD38-D3193E625E46}.Release|Any CPU.Build.0 = Release|Any CPU
		{01164784-19AE-4405-A800-6BEBC59DC932}.Debug|Any CPU.ActiveCfg = Debug|Any CPU
		{01164784-19AE-4405-A800-6BEBC59DC932}.Debug|Any CPU.Build.0 = Debug|Any CPU
		{01164784-19AE-4405-A800-6BEBC59DC932}.Release|Any CPU.ActiveCfg = Release|Any CPU
		{01164784-19AE-4405-A800-6BEBC59DC932}.Release|Any CPU.Build.0 = Release|Any CPU
		{91441072-12E8-4D24-B1EE-00C2B2EB157E}.Debug|Any CPU.ActiveCfg = Debug|Any CPU
		{91441072-12E8-4D24-B1EE-00C2B2EB157E}.Debug|Any CPU.Build.0 = Debug|Any CPU
		{91441072-12E8-4D24-B1EE-00C2B2EB157E}.Release|Any CPU.ActiveCfg = Release|Any CPU
		{91441072-12E8-4D24-B1EE-00C2B2EB157E}.Release|Any CPU.Build.0 = Release|Any CPU
	EndGlobalSection
	GlobalSection(SolutionProperties) = preSolution
		HideSolutionNode = FALSE
	EndGlobalSection
	GlobalSection(NestedProjects) = preSolution
		{58DE0058-9D43-49D0-B80B-05A6D46CC2F8} = {855FB7A2-0B47-4E4D-BFBF-B016574E4510}
		{855FB7A2-0B47-4E4D-BFBF-B016574E4510} = {CFDBC2CA-74BB-4718-8676-F43884241AB6}
		{F2C9C070-293E-4419-8D31-505DA156C1E0} = {CFDBC2CA-74BB-4718-8676-F43884241AB6}
	EndGlobalSection
	GlobalSection(ExtensibilityGlobals) = postSolution
		SolutionGuid = {71884BF5-CF5F-4F98-830B-FFD54D7EAACC}
	EndGlobalSection
EndGlobal
